
Microsoft Visual Studio Solution File, Format Version 12.00
# Visual Studio Version 17
VisualStudioVersion = 17.11.35103.136
MinimumVisualStudioVersion = 10.0.40219.1
Project("{8BC9CEB8-8B4A-11D0-8D11-00A0C91BC942}") = "RGR", "RGR.vcxproj", "{FB38784C-74A3-45F5-ADD5-5DCFBCEA41FE}"
EndProject
Global
	GlobalSection(SolutionConfigurationPlatforms) = preSolution
		Debug|x64 = Debug|x64
		Debug|x86 = Debug|x86
		Release|x64 = Release|x64
		Release|x86 = Release|x86
	EndGlobalSection
	GlobalSection(ProjectConfigurationPlatforms) = postSolution
		{FB38784C-74A3-45F5-ADD5-5DCFBCEA41FE}.Debug|x64.ActiveCfg = Debug|x64
		{FB38784C-74A3-45F5-ADD5-5DCFBCEA41FE}.Debug|x64.Build.0 = Debug|x64
		{FB38784C-74A3-45F5-ADD5-5DCFBCEA41FE}.Debug|x86.ActiveCfg = Debug|Win32
		{FB38784C-74A3-45F5-ADD5-5DCFBCEA41FE}.Debug|x86.Build.0 = Debug|Win32
		{FB38784C-74A3-45F5-ADD5-5DCFBCEA41FE}.Release|x64.ActiveCfg = Release|x64
		{FB38784C-74A3-45F5-ADD5-5DCFBCEA41FE}.Release|x64.Build.0 = Release|x64
		{FB38784C-74A3-45F5-ADD5-5DCFBCEA41FE}.Release|x86.ActiveCfg = Release|Win32
		{FB38784C-74A3-45F5-ADD5-5DCFBCEA41FE}.Release|x86.Build.0 = Release|Win32
	EndGlobalSection
	GlobalSection(SolutionProperties) = preSolution
		HideSolutionNode = FALSE
	EndGlobalSection
	GlobalSection(ExtensibilityGlobals) = postSolution
		SolutionGuid = {91FB1685-A6E0-4DA7-AB34-3B37490B5590}
	EndGlobalSection
EndGlobal
